// !$*UTF8*$!
{
	archiveVersion = 1;
	classes = {
	};
	objectVersion = 46;
	objects = {

/* Begin PBXBuildFile section */
		CE812A78174CA54D0069137D /* ContentViewController.m in Sources */ = {isa = PBXBuildFile; fileRef = CE812A76174CA54D0069137D /* ContentViewController.m */; };
		CE812A79174CA54D0069137D /* ContentViewController.xib in Resources */ = {isa = PBXBuildFile; fileRef = CE812A77174CA54D0069137D /* ContentViewController.xib */; };
		CEC8C1D9175DC2D500036B8B /* QuartzCore.framework in Frameworks */ = {isa = PBXBuildFile; fileRef = CEC8C1D8175DC2D500036B8B /* QuartzCore.framework */; };
		CEDDF6CD17589E3A001F03DD /* QiushiObject.m in Sources */ = {isa = PBXBuildFile; fileRef = CEDDF6CC17589E3A001F03DD /* QiushiObject.m */; };
		CEF464B61757291200F16C98 /* AFHTTPClient.m in Sources */ = {isa = PBXBuildFile; fileRef = CEF464A41757291200F16C98 /* AFHTTPClient.m */; };
		CEF464B71757291200F16C98 /* AFHTTPRequestOperation.m in Sources */ = {isa = PBXBuildFile; fileRef = CEF464A61757291200F16C98 /* AFHTTPRequestOperation.m */; };
		CEF464B81757291200F16C98 /* AFImageRequestOperation.m in Sources */ = {isa = PBXBuildFile; fileRef = CEF464A81757291200F16C98 /* AFImageRequestOperation.m */; };
		CEF464B91757291200F16C98 /* AFJSONRequestOperation.m in Sources */ = {isa = PBXBuildFile; fileRef = CEF464AA1757291200F16C98 /* AFJSONRequestOperation.m */; };
		CEF464BA1757291200F16C98 /* AFNetworkActivityIndicatorManager.m in Sources */ = {isa = PBXBuildFile; fileRef = CEF464AC1757291200F16C98 /* AFNetworkActivityIndicatorManager.m */; };
		CEF464BB1757291200F16C98 /* AFPropertyListRequestOperation.m in Sources */ = {isa = PBXBuildFile; fileRef = CEF464AF1757291200F16C98 /* AFPropertyListRequestOperation.m */; };
		CEF464BC1757291200F16C98 /* AFURLConnectionOperation.m in Sources */ = {isa = PBXBuildFile; fileRef = CEF464B11757291200F16C98 /* AFURLConnectionOperation.m */; };
		CEF464BD1757291200F16C98 /* AFXMLRequestOperation.m in Sources */ = {isa = PBXBuildFile; fileRef = CEF464B31757291200F16C98 /* AFXMLRequestOperation.m */; };
		CEF464BE1757291200F16C98 /* UIImageView+AFNetworking.m in Sources */ = {isa = PBXBuildFile; fileRef = CEF464B51757291200F16C98 /* UIImageView+AFNetworking.m */; };
		CEFDA323174C9B8300D2C5CA /* UIKit.framework in Frameworks */ = {isa = PBXBuildFile; fileRef = CEFDA322174C9B8300D2C5CA /* UIKit.framework */; };
		CEFDA325174C9B8300D2C5CA /* Foundation.framework in Frameworks */ = {isa = PBXBuildFile; fileRef = CEFDA324174C9B8300D2C5CA /* Foundation.framework */; };
		CEFDA327174C9B8300D2C5CA /* CoreGraphics.framework in Frameworks */ = {isa = PBXBuildFile; fileRef = CEFDA326174C9B8300D2C5CA /* CoreGraphics.framework */; };
		CEFDA32D174C9B8300D2C5CA /* InfoPlist.strings in Resources */ = {isa = PBXBuildFile; fileRef = CEFDA32B174C9B8300D2C5CA /* InfoPlist.strings */; };
		CEFDA32F174C9B8300D2C5CA /* main.m in Sources */ = {isa = PBXBuildFile; fileRef = CEFDA32E174C9B8300D2C5CA /* main.m */; };
		CEFDA333174C9B8300D2C5CA /* colyAppDelegate.m in Sources */ = {isa = PBXBuildFile; fileRef = CEFDA332174C9B8300D2C5CA /* colyAppDelegate.m */; };
		CEFDA335174C9B8300D2C5CA /* Default.png in Resources */ = {isa = PBXBuildFile; fileRef = CEFDA334174C9B8300D2C5CA /* Default.png */; };
		CEFDA337174C9B8300D2C5CA /* Default@2x.png in Resources */ = {isa = PBXBuildFile; fileRef = CEFDA336174C9B8300D2C5CA /* Default@2x.png */; };
		CEFDA339174C9B8300D2C5CA /* Default-568h@2x.png in Resources */ = {isa = PBXBuildFile; fileRef = CEFDA338174C9B8300D2C5CA /* Default-568h@2x.png */; };
		CEFDA344174C9BB300D2C5CA /* colyCell.m in Sources */ = {isa = PBXBuildFile; fileRef = CEFDA340174C9BB300D2C5CA /* colyCell.m */; };
		CEFDA345174C9BB300D2C5CA /* MainViewController.m in Sources */ = {isa = PBXBuildFile; fileRef = CEFDA342174C9BB300D2C5CA /* MainViewController.m */; };
		CEFDA346174C9BB300D2C5CA /* MainViewController.xib in Resources */ = {isa = PBXBuildFile; fileRef = CEFDA343174C9BB300D2C5CA /* MainViewController.xib */; };
		CEFDA34C174C9BE600D2C5CA /* Icon.png in Resources */ = {isa = PBXBuildFile; fileRef = CEFDA34B174C9BE600D2C5CA /* Icon.png */; };
		CEFDA34E174C9C5600D2C5CA /* Icon@2x.png in Resources */ = {isa = PBXBuildFile; fileRef = CEFDA34D174C9C5600D2C5CA /* Icon@2x.png */; };
		CEFDA37A174C9C9600D2C5CA /* back.png in Resources */ = {isa = PBXBuildFile; fileRef = CEFDA350174C9C9600D2C5CA /* back.png */; };
		CEFDA37B174C9C9600D2C5CA /* back@2x.png in Resources */ = {isa = PBXBuildFile; fileRef = CEFDA351174C9C9600D2C5CA /* back@2x.png */; };
		CEFDA37C174C9C9600D2C5CA /* bar_background.png in Resources */ = {isa = PBXBuildFile; fileRef = CEFDA352174C9C9600D2C5CA /* bar_background.png */; };
		CEFDA37D174C9C9600D2C5CA /* bar_background@2x.png in Resources */ = {isa = PBXBuildFile; fileRef = CEFDA353174C9C9600D2C5CA /* bar_background@2x.png */; };
		CEFDA37E174C9C9600D2C5CA /* block_background.png in Resources */ = {isa = PBXBuildFile; fileRef = CEFDA354174C9C9600D2C5CA /* block_background.png */; };
		CEFDA37F174C9C9600D2C5CA /* block_center_background.png in Resources */ = {isa = PBXBuildFile; fileRef = CEFDA355174C9C9600D2C5CA /* block_center_background.png */; };
		CEFDA380174C9C9600D2C5CA /* block_foot_background.png in Resources */ = {isa = PBXBuildFile; fileRef = CEFDA356174C9C9600D2C5CA /* block_foot_background.png */; };
		CEFDA381174C9C9600D2C5CA /* block_help.png in Resources */ = {isa = PBXBuildFile; fileRef = CEFDA357174C9C9600D2C5CA /* block_help.png */; };
		CEFDA382174C9C9600D2C5CA /* block_line.png in Resources */ = {isa = PBXBuildFile; fileRef = CEFDA358174C9C9600D2C5CA /* block_line.png */; };
		CEFDA383174C9C9600D2C5CA /* block_top.png in Resources */ = {isa = PBXBuildFile; fileRef = CEFDA359174C9C9600D2C5CA /* block_top.png */; };
		CEFDA384174C9C9600D2C5CA /* button_login.png in Resources */ = {isa = PBXBuildFile; fileRef = CEFDA35A174C9C9600D2C5CA /* button_login.png */; };
		CEFDA385174C9C9600D2C5CA /* button_login_active.png in Resources */ = {isa = PBXBuildFile; fileRef = CEFDA35B174C9C9600D2C5CA /* button_login_active.png */; };
		CEFDA386174C9C9600D2C5CA /* button_vote.png in Resources */ = {isa = PBXBuildFile; fileRef = CEFDA35C174C9C9600D2C5CA /* button_vote.png */; };
		CEFDA387174C9C9600D2C5CA /* button_vote_active.png in Resources */ = {isa = PBXBuildFile; fileRef = CEFDA35D174C9C9600D2C5CA /* button_vote_active.png */; };
		CEFDA388174C9C9600D2C5CA /* Default.png in Resources */ = {isa = PBXBuildFile; fileRef = CEFDA35E174C9C9600D2C5CA /* Default.png */; };
		CEFDA389174C9C9600D2C5CA /* Default@2x.png in Resources */ = {isa = PBXBuildFile; fileRef = CEFDA35F174C9C9600D2C5CA /* Default@2x.png */; };
		CEFDA38A174C9C9600D2C5CA /* defaultHeadImage.png in Resources */ = {isa = PBXBuildFile; fileRef = CEFDA360174C9C9600D2C5CA /* defaultHeadImage.png */; };
		CEFDA38B174C9C9600D2C5CA /* head_background.png in Resources */ = {isa = PBXBuildFile; fileRef = CEFDA361174C9C9600D2C5CA /* head_background.png */; };
		CEFDA38C174C9C9600D2C5CA /* head_logo.png in Resources */ = {isa = PBXBuildFile; fileRef = CEFDA362174C9C9600D2C5CA /* head_logo.png */; };
		CEFDA38D174C9C9600D2C5CA /* icon_close.png in Resources */ = {isa = PBXBuildFile; fileRef = CEFDA363174C9C9600D2C5CA /* icon_close.png */; };
		CEFDA38E174C9C9600D2C5CA /* icon_close_large.png in Resources */ = {isa = PBXBuildFile; fileRef = CEFDA364174C9C9600D2C5CA /* icon_close_large.png */; };
		CEFDA38F174C9C9600D2C5CA /* icon_for_bad.png in Resources */ = {isa = PBXBuildFile; fileRef = CEFDA365174C9C9600D2C5CA /* icon_for_bad.png */; };
		CEFDA390174C9C9600D2C5CA /* icon_for_comment.png in Resources */ = {isa = PBXBuildFile; fileRef = CEFDA366174C9C9600D2C5CA /* icon_for_comment.png */; };
		CEFDA391174C9C9600D2C5CA /* icon_for_good.png in Resources */ = {isa = PBXBuildFile; fileRef = CEFDA367174C9C9600D2C5CA /* icon_for_good.png */; };
		CEFDA392174C9C9600D2C5CA /* icon_help.png in Resources */ = {isa = PBXBuildFile; fileRef = CEFDA368174C9C9600D2C5CA /* icon_help.png */; };
		CEFDA393174C9C9600D2C5CA /* icon_help_active.png in Resources */ = {isa = PBXBuildFile; fileRef = CEFDA369174C9C9600D2C5CA /* icon_help_active.png */; };
		CEFDA394174C9C9600D2C5CA /* icon_my_active.png in Resources */ = {isa = PBXBuildFile; fileRef = CEFDA36A174C9C9600D2C5CA /* icon_my_active.png */; };
		CEFDA395174C9C9600D2C5CA /* icon_my_enable.png in Resources */ = {isa = PBXBuildFile; fileRef = CEFDA36B174C9C9600D2C5CA /* icon_my_enable.png */; };
		CEFDA396174C9C9600D2C5CA /* icon_new_active.png in Resources */ = {isa = PBXBuildFile; fileRef = CEFDA36C174C9C9600D2C5CA /* icon_new_active.png */; };
		CEFDA397174C9C9600D2C5CA /* icon_new_enable.png in Resources */ = {isa = PBXBuildFile; fileRef = CEFDA36D174C9C9600D2C5CA /* icon_new_enable.png */; };
		CEFDA398174C9C9600D2C5CA /* icon_pic_enable.png in Resources */ = {isa = PBXBuildFile; fileRef = CEFDA36E174C9C9600D2C5CA /* icon_pic_enable.png */; };
		CEFDA399174C9C9600D2C5CA /* icon_post_enable.png in Resources */ = {isa = PBXBuildFile; fileRef = CEFDA36F174C9C9600D2C5CA /* icon_post_enable.png */; };
		CEFDA39A174C9C9600D2C5CA /* icon_share.png in Resources */ = {isa = PBXBuildFile; fileRef = CEFDA370174C9C9600D2C5CA /* icon_share.png */; };
		CEFDA39B174C9C9600D2C5CA /* icon_tag.png in Resources */ = {isa = PBXBuildFile; fileRef = CEFDA371174C9C9600D2C5CA /* icon_tag.png */; };
		CEFDA39C174C9C9600D2C5CA /* icon_top_active.png in Resources */ = {isa = PBXBuildFile; fileRef = CEFDA372174C9C9600D2C5CA /* icon_top_active.png */; };
		CEFDA39D174C9C9600D2C5CA /* icon_top_enable.png in Resources */ = {isa = PBXBuildFile; fileRef = CEFDA373174C9C9600D2C5CA /* icon_top_enable.png */; };
		CEFDA39E174C9C9600D2C5CA /* input_button_active.png in Resources */ = {isa = PBXBuildFile; fileRef = CEFDA374174C9C9600D2C5CA /* input_button_active.png */; };
		CEFDA39F174C9C9600D2C5CA /* input_button_enable.png in Resources */ = {isa = PBXBuildFile; fileRef = CEFDA375174C9C9600D2C5CA /* input_button_enable.png */; };
		CEFDA3A0174C9C9600D2C5CA /* main_background.png in Resources */ = {isa = PBXBuildFile; fileRef = CEFDA376174C9C9600D2C5CA /* main_background.png */; };
		CEFDA3A1174C9C9600D2C5CA /* pulish_bg.png in Resources */ = {isa = PBXBuildFile; fileRef = CEFDA377174C9C9600D2C5CA /* pulish_bg.png */; };
		CEFDA3A2174C9C9600D2C5CA /* thumb_avatar.png in Resources */ = {isa = PBXBuildFile; fileRef = CEFDA378174C9C9600D2C5CA /* thumb_avatar.png */; };
		CEFDA3A3174C9C9600D2C5CA /* thumb_pic.png in Resources */ = {isa = PBXBuildFile; fileRef = CEFDA379174C9C9600D2C5CA /* thumb_pic.png */; };
		CEFDA3A5174C9E0200D2C5CA /* Default.png in Resources */ = {isa = PBXBuildFile; fileRef = CEFDA3A4174C9E0200D2C5CA /* Default.png */; };
		E3484AA71762226C009BC5DB /* EGORefreshTableHeaderView.m in Sources */ = {isa = PBXBuildFile; fileRef = E3484A971762226C009BC5DB /* EGORefreshTableHeaderView.m */; settings = {COMPILER_FLAGS = "-fno-objc-arc"; }; };
		E3484AA81762226C009BC5DB /* LoadMoreTableFooterView.m in Sources */ = {isa = PBXBuildFile; fileRef = E3484A991762226C009BC5DB /* LoadMoreTableFooterView.m */; settings = {COMPILER_FLAGS = "-fno-objc-arc"; }; };
		E3484AA91762226C009BC5DB /* MessageInterceptor.m in Sources */ = {isa = PBXBuildFile; fileRef = E3484A9B1762226C009BC5DB /* MessageInterceptor.m */; settings = {COMPILER_FLAGS = "-fno-objc-arc"; }; };
		E3484AAA1762226C009BC5DB /* PullTableView.m in Sources */ = {isa = PBXBuildFile; fileRef = E3484A9D1762226C009BC5DB /* PullTableView.m */; settings = {COMPILER_FLAGS = "-fno-objc-arc"; }; };
		E3484AAB1762226C009BC5DB /* blackArrow.png in Resources */ = {isa = PBXBuildFile; fileRef = E3484A9F1762226C009BC5DB /* blackArrow.png */; };
		E3484AAC1762226C009BC5DB /* blackArrow@2x.png in Resources */ = {isa = PBXBuildFile; fileRef = E3484AA01762226C009BC5DB /* blackArrow@2x.png */; };
		E3484AAD1762226C009BC5DB /* blueArrow.png in Resources */ = {isa = PBXBuildFile; fileRef = E3484AA11762226C009BC5DB /* blueArrow.png */; };
		E3484AAE1762226C009BC5DB /* blueArrow@2x.png in Resources */ = {isa = PBXBuildFile; fileRef = E3484AA21762226C009BC5DB /* blueArrow@2x.png */; };
		E3484AAF1762226C009BC5DB /* grayArrow.png in Resources */ = {isa = PBXBuildFile; fileRef = E3484AA31762226C009BC5DB /* grayArrow.png */; };
		E3484AB01762226C009BC5DB /* grayArrow@2x.png in Resources */ = {isa = PBXBuildFile; fileRef = E3484AA41762226C009BC5DB /* grayArrow@2x.png */; };
		E3484AB11762226C009BC5DB /* whiteArrow.png in Resources */ = {isa = PBXBuildFile; fileRef = E3484AA51762226C009BC5DB /* whiteArrow.png */; };
		E3484AB21762226C009BC5DB /* whiteArrow@2x.png in Resources */ = {isa = PBXBuildFile; fileRef = E3484AA61762226C009BC5DB /* whiteArrow@2x.png */; };
/* End PBXBuildFile section */

/* Begin PBXFileReference section */
		CE812A75174CA54D0069137D /* ContentViewController.h */ = {isa = PBXFileReference; fileEncoding = 4; lastKnownFileType = sourcecode.c.h; path = ContentViewController.h; sourceTree = "<group>"; };
		CE812A76174CA54D0069137D /* ContentViewController.m */ = {isa = PBXFileReference; fileEncoding = 4; lastKnownFileType = sourcecode.c.objc; path = ContentViewController.m; sourceTree = "<group>"; };
		CE812A77174CA54D0069137D /* ContentViewController.xib */ = {isa = PBXFileReference; fileEncoding = 4; lastKnownFileType = file.xib; path = ContentViewController.xib; sourceTree = "<group>"; };
		CEC8C1D8175DC2D500036B8B /* QuartzCore.framework */ = {isa = PBXFileReference; lastKnownFileType = wrapper.framework; name = QuartzCore.framework; path = System/Library/Frameworks/QuartzCore.framework; sourceTree = SDKROOT; };
		CEDDF6CB17589E3A001F03DD /* QiushiObject.h */ = {isa = PBXFileReference; fileEncoding = 4; lastKnownFileType = sourcecode.c.h; path = QiushiObject.h; sourceTree = "<group>"; };
		CEDDF6CC17589E3A001F03DD /* QiushiObject.m */ = {isa = PBXFileReference; fileEncoding = 4; lastKnownFileType = sourcecode.c.objc; path = QiushiObject.m; sourceTree = "<group>"; };
		CEF464A31757291200F16C98 /* AFHTTPClient.h */ = {isa = PBXFileReference; fileEncoding = 4; lastKnownFileType = sourcecode.c.h; path = AFHTTPClient.h; sourceTree = "<group>"; };
		CEF464A41757291200F16C98 /* AFHTTPClient.m */ = {isa = PBXFileReference; fileEncoding = 4; lastKnownFileType = sourcecode.c.objc; path = AFHTTPClient.m; sourceTree = "<group>"; };
		CEF464A51757291200F16C98 /* AFHTTPRequestOperation.h */ = {isa = PBXFileReference; fileEncoding = 4; lastKnownFileType = sourcecode.c.h; path = AFHTTPRequestOperation.h; sourceTree = "<group>"; };
		CEF464A61757291200F16C98 /* AFHTTPRequestOperation.m */ = {isa = PBXFileReference; fileEncoding = 4; lastKnownFileType = sourcecode.c.objc; path = AFHTTPRequestOperation.m; sourceTree = "<group>"; };
		CEF464A71757291200F16C98 /* AFImageRequestOperation.h */ = {isa = PBXFileReference; fileEncoding = 4; lastKnownFileType = sourcecode.c.h; path = AFImageRequestOperation.h; sourceTree = "<group>"; };
		CEF464A81757291200F16C98 /* AFImageRequestOperation.m */ = {isa = PBXFileReference; fileEncoding = 4; lastKnownFileType = sourcecode.c.objc; path = AFImageRequestOperation.m; sourceTree = "<group>"; };
		CEF464A91757291200F16C98 /* AFJSONRequestOperation.h */ = {isa = PBXFileReference; fileEncoding = 4; lastKnownFileType = sourcecode.c.h; path = AFJSONRequestOperation.h; sourceTree = "<group>"; };
		CEF464AA1757291200F16C98 /* AFJSONRequestOperation.m */ = {isa = PBXFileReference; fileEncoding = 4; lastKnownFileType = sourcecode.c.objc; path = AFJSONRequestOperation.m; sourceTree = "<group>"; };
		CEF464AB1757291200F16C98 /* AFNetworkActivityIndicatorManager.h */ = {isa = PBXFileReference; fileEncoding = 4; lastKnownFileType = sourcecode.c.h; path = AFNetworkActivityIndicatorManager.h; sourceTree = "<group>"; };
		CEF464AC1757291200F16C98 /* AFNetworkActivityIndicatorManager.m */ = {isa = PBXFileReference; fileEncoding = 4; lastKnownFileType = sourcecode.c.objc; path = AFNetworkActivityIndicatorManager.m; sourceTree = "<group>"; };
		CEF464AD1757291200F16C98 /* AFNetworking.h */ = {isa = PBXFileReference; fileEncoding = 4; lastKnownFileType = sourcecode.c.h; path = AFNetworking.h; sourceTree = "<group>"; };
		CEF464AE1757291200F16C98 /* AFPropertyListRequestOperation.h */ = {isa = PBXFileReference; fileEncoding = 4; lastKnownFileType = sourcecode.c.h; path = AFPropertyListRequestOperation.h; sourceTree = "<group>"; };
		CEF464AF1757291200F16C98 /* AFPropertyListRequestOperation.m */ = {isa = PBXFileReference; fileEncoding = 4; lastKnownFileType = sourcecode.c.objc; path = AFPropertyListRequestOperation.m; sourceTree = "<group>"; };
		CEF464B01757291200F16C98 /* AFURLConnectionOperation.h */ = {isa = PBXFileReference; fileEncoding = 4; lastKnownFileType = sourcecode.c.h; path = AFURLConnectionOperation.h; sourceTree = "<group>"; };
		CEF464B11757291200F16C98 /* AFURLConnectionOperation.m */ = {isa = PBXFileReference; fileEncoding = 4; lastKnownFileType = sourcecode.c.objc; path = AFURLConnectionOperation.m; sourceTree = "<group>"; };
		CEF464B21757291200F16C98 /* AFXMLRequestOperation.h */ = {isa = PBXFileReference; fileEncoding = 4; lastKnownFileType = sourcecode.c.h; path = AFXMLRequestOperation.h; sourceTree = "<group>"; };
		CEF464B31757291200F16C98 /* AFXMLRequestOperation.m */ = {isa = PBXFileReference; fileEncoding = 4; lastKnownFileType = sourcecode.c.objc; path = AFXMLRequestOperation.m; sourceTree = "<group>"; };
		CEF464B41757291200F16C98 /* UIImageView+AFNetworking.h */ = {isa = PBXFileReference; fileEncoding = 4; lastKnownFileType = sourcecode.c.h; path = "UIImageView+AFNetworking.h"; sourceTree = "<group>"; };
		CEF464B51757291200F16C98 /* UIImageView+AFNetworking.m */ = {isa = PBXFileReference; fileEncoding = 4; lastKnownFileType = sourcecode.c.objc; path = "UIImageView+AFNetworking.m"; sourceTree = "<group>"; };
		CEFDA31F174C9B8300D2C5CA /* qiushibaike.app */ = {isa = PBXFileReference; explicitFileType = wrapper.application; includeInIndex = 0; path = qiushibaike.app; sourceTree = BUILT_PRODUCTS_DIR; };
		CEFDA322174C9B8300D2C5CA /* UIKit.framework */ = {isa = PBXFileReference; lastKnownFileType = wrapper.framework; name = UIKit.framework; path = System/Library/Frameworks/UIKit.framework; sourceTree = SDKROOT; };
		CEFDA324174C9B8300D2C5CA /* Foundation.framework */ = {isa = PBXFileReference; lastKnownFileType = wrapper.framework; name = Foundation.framework; path = System/Library/Frameworks/Foundation.framework; sourceTree = SDKROOT; };
		CEFDA326174C9B8300D2C5CA /* CoreGraphics.framework */ = {isa = PBXFileReference; lastKnownFileType = wrapper.framework; name = CoreGraphics.framework; path = System/Library/Frameworks/CoreGraphics.framework; sourceTree = SDKROOT; };
		CEFDA32A174C9B8300D2C5CA /* qiushibaike-Info.plist */ = {isa = PBXFileReference; lastKnownFileType = text.plist.xml; path = "qiushibaike-Info.plist"; sourceTree = "<group>"; };
		CEFDA32C174C9B8300D2C5CA /* en */ = {isa = PBXFileReference; lastKnownFileType = text.plist.strings; name = en; path = en.lproj/InfoPlist.strings; sourceTree = "<group>"; };
		CEFDA32E174C9B8300D2C5CA /* main.m */ = {isa = PBXFileReference; lastKnownFileType = sourcecode.c.objc; path = main.m; sourceTree = "<group>"; };
		CEFDA330174C9B8300D2C5CA /* qiushibaike-Prefix.pch */ = {isa = PBXFileReference; lastKnownFileType = sourcecode.c.h; path = "qiushibaike-Prefix.pch"; sourceTree = "<group>"; };
		CEFDA331174C9B8300D2C5CA /* colyAppDelegate.h */ = {isa = PBXFileReference; lastKnownFileType = sourcecode.c.h; path = colyAppDelegate.h; sourceTree = "<group>"; };
		CEFDA332174C9B8300D2C5CA /* colyAppDelegate.m */ = {isa = PBXFileReference; lastKnownFileType = sourcecode.c.objc; path = colyAppDelegate.m; sourceTree = "<group>"; };
		CEFDA334174C9B8300D2C5CA /* Default.png */ = {isa = PBXFileReference; lastKnownFileType = image.png; path = Default.png; sourceTree = "<group>"; };
		CEFDA336174C9B8300D2C5CA /* Default@2x.png */ = {isa = PBXFileReference; lastKnownFileType = image.png; path = "Default@2x.png"; sourceTree = "<group>"; };
		CEFDA338174C9B8300D2C5CA /* Default-568h@2x.png */ = {isa = PBXFileReference; lastKnownFileType = image.png; path = "Default-568h@2x.png"; sourceTree = "<group>"; };
		CEFDA33F174C9BB300D2C5CA /* colyCell.h */ = {isa = PBXFileReference; fileEncoding = 4; lastKnownFileType = sourcecode.c.h; path = colyCell.h; sourceTree = "<group>"; };
		CEFDA340174C9BB300D2C5CA /* colyCell.m */ = {isa = PBXFileReference; fileEncoding = 4; lastKnownFileType = sourcecode.c.objc; path = colyCell.m; sourceTree = "<group>"; };
		CEFDA341174C9BB300D2C5CA /* MainViewController.h */ = {isa = PBXFileReference; fileEncoding = 4; lastKnownFileType = sourcecode.c.h; path = MainViewController.h; sourceTree = "<group>"; };
		CEFDA342174C9BB300D2C5CA /* MainViewController.m */ = {isa = PBXFileReference; fileEncoding = 4; lastKnownFileType = sourcecode.c.objc; path = MainViewController.m; sourceTree = "<group>"; };
		CEFDA343174C9BB300D2C5CA /* MainViewController.xib */ = {isa = PBXFileReference; fileEncoding = 4; lastKnownFileType = file.xib; path = MainViewController.xib; sourceTree = "<group>"; };
		CEFDA34B174C9BE600D2C5CA /* Icon.png */ = {isa = PBXFileReference; lastKnownFileType = image.png; path = Icon.png; sourceTree = "<group>"; };
		CEFDA34D174C9C5600D2C5CA /* Icon@2x.png */ = {isa = PBXFileReference; lastKnownFileType = image.png; path = "Icon@2x.png"; sourceTree = "<group>"; };
		CEFDA350174C9C9600D2C5CA /* back.png */ = {isa = PBXFileReference; lastKnownFileType = image.png; path = back.png; sourceTree = "<group>"; };
		CEFDA351174C9C9600D2C5CA /* back@2x.png */ = {isa = PBXFileReference; lastKnownFileType = image.png; path = "back@2x.png"; sourceTree = "<group>"; };
		CEFDA352174C9C9600D2C5CA /* bar_background.png */ = {isa = PBXFileReference; lastKnownFileType = image.png; path = bar_background.png; sourceTree = "<group>"; };
		CEFDA353174C9C9600D2C5CA /* bar_background@2x.png */ = {isa = PBXFileReference; lastKnownFileType = image.png; path = "bar_background@2x.png"; sourceTree = "<group>"; };
		CEFDA354174C9C9600D2C5CA /* block_background.png */ = {isa = PBXFileReference; lastKnownFileType = image.png; path = block_background.png; sourceTree = "<group>"; };
		CEFDA355174C9C9600D2C5CA /* block_center_background.png */ = {isa = PBXFileReference; lastKnownFileType = image.png; path = block_center_background.png; sourceTree = "<group>"; };
		CEFDA356174C9C9600D2C5CA /* block_foot_background.png */ = {isa = PBXFileReference; lastKnownFileType = image.png; path = block_foot_background.png; sourceTree = "<group>"; };
		CEFDA357174C9C9600D2C5CA /* block_help.png */ = {isa = PBXFileReference; lastKnownFileType = image.png; path = block_help.png; sourceTree = "<group>"; };
		CEFDA358174C9C9600D2C5CA /* block_line.png */ = {isa = PBXFileReference; lastKnownFileType = image.png; path = block_line.png; sourceTree = "<group>"; };
		CEFDA359174C9C9600D2C5CA /* block_top.png */ = {isa = PBXFileReference; lastKnownFileType = image.png; path = block_top.png; sourceTree = "<group>"; };
		CEFDA35A174C9C9600D2C5CA /* button_login.png */ = {isa = PBXFileReference; lastKnownFileType = image.png; path = button_login.png; sourceTree = "<group>"; };
		CEFDA35B174C9C9600D2C5CA /* button_login_active.png */ = {isa = PBXFileReference; lastKnownFileType = image.png; path = button_login_active.png; sourceTree = "<group>"; };
		CEFDA35C174C9C9600D2C5CA /* button_vote.png */ = {isa = PBXFileReference; lastKnownFileType = image.png; path = button_vote.png; sourceTree = "<group>"; };
		CEFDA35D174C9C9600D2C5CA /* button_vote_active.png */ = {isa = PBXFileReference; lastKnownFileType = image.png; path = button_vote_active.png; sourceTree = "<group>"; };
		CEFDA35E174C9C9600D2C5CA /* Default.png */ = {isa = PBXFileReference; lastKnownFileType = image.png; path = Default.png; sourceTree = "<group>"; };
		CEFDA35F174C9C9600D2C5CA /* Default@2x.png */ = {isa = PBXFileReference; lastKnownFileType = image.png; path = "Default@2x.png"; sourceTree = "<group>"; };
		CEFDA360174C9C9600D2C5CA /* defaultHeadImage.png */ = {isa = PBXFileReference; lastKnownFileType = image.png; path = defaultHeadImage.png; sourceTree = "<group>"; };
		CEFDA361174C9C9600D2C5CA /* head_background.png */ = {isa = PBXFileReference; lastKnownFileType = image.png; path = head_background.png; sourceTree = "<group>"; };
		CEFDA362174C9C9600D2C5CA /* head_logo.png */ = {isa = PBXFileReference; lastKnownFileType = image.png; path = head_logo.png; sourceTree = "<group>"; };
		CEFDA363174C9C9600D2C5CA /* icon_close.png */ = {isa = PBXFileReference; lastKnownFileType = image.png; path = icon_close.png; sourceTree = "<group>"; };
		CEFDA364174C9C9600D2C5CA /* icon_close_large.png */ = {isa = PBXFileReference; lastKnownFileType = image.png; path = icon_close_large.png; sourceTree = "<group>"; };
		CEFDA365174C9C9600D2C5CA /* icon_for_bad.png */ = {isa = PBXFileReference; lastKnownFileType = image.png; path = icon_for_bad.png; sourceTree = "<group>"; };
		CEFDA366174C9C9600D2C5CA /* icon_for_comment.png */ = {isa = PBXFileReference; lastKnownFileType = image.png; path = icon_for_comment.png; sourceTree = "<group>"; };
		CEFDA367174C9C9600D2C5CA /* icon_for_good.png */ = {isa = PBXFileReference; lastKnownFileType = image.png; path = icon_for_good.png; sourceTree = "<group>"; };
		CEFDA368174C9C9600D2C5CA /* icon_help.png */ = {isa = PBXFileReference; lastKnownFileType = image.png; path = icon_help.png; sourceTree = "<group>"; };
		CEFDA369174C9C9600D2C5CA /* icon_help_active.png */ = {isa = PBXFileReference; lastKnownFileType = image.png; path = icon_help_active.png; sourceTree = "<group>"; };
		CEFDA36A174C9C9600D2C5CA /* icon_my_active.png */ = {isa = PBXFileReference; lastKnownFileType = image.png; path = icon_my_active.png; sourceTree = "<group>"; };
		CEFDA36B174C9C9600D2C5CA /* icon_my_enable.png */ = {isa = PBXFileReference; lastKnownFileType = image.png; path = icon_my_enable.png; sourceTree = "<group>"; };
		CEFDA36C174C9C9600D2C5CA /* icon_new_active.png */ = {isa = PBXFileReference; lastKnownFileType = image.png; path = icon_new_active.png; sourceTree = "<group>"; };
		CEFDA36D174C9C9600D2C5CA /* icon_new_enable.png */ = {isa = PBXFileReference; lastKnownFileType = image.png; path = icon_new_enable.png; sourceTree = "<group>"; };
		CEFDA36E174C9C9600D2C5CA /* icon_pic_enable.png */ = {isa = PBXFileReference; lastKnownFileType = image.png; path = icon_pic_enable.png; sourceTree = "<group>"; };
		CEFDA36F174C9C9600D2C5CA /* icon_post_enable.png */ = {isa = PBXFileReference; lastKnownFileType = image.png; path = icon_post_enable.png; sourceTree = "<group>"; };
		CEFDA370174C9C9600D2C5CA /* icon_share.png */ = {isa = PBXFileReference; lastKnownFileType = image.png; path = icon_share.png; sourceTree = "<group>"; };
		CEFDA371174C9C9600D2C5CA /* icon_tag.png */ = {isa = PBXFileReference; lastKnownFileType = image.png; path = icon_tag.png; sourceTree = "<group>"; };
		CEFDA372174C9C9600D2C5CA /* icon_top_active.png */ = {isa = PBXFileReference; lastKnownFileType = image.png; path = icon_top_active.png; sourceTree = "<group>"; };
		CEFDA373174C9C9600D2C5CA /* icon_top_enable.png */ = {isa = PBXFileReference; lastKnownFileType = image.png; path = icon_top_enable.png; sourceTree = "<group>"; };
		CEFDA374174C9C9600D2C5CA /* input_button_active.png */ = {isa = PBXFileReference; lastKnownFileType = image.png; path = input_button_active.png; sourceTree = "<group>"; };
		CEFDA375174C9C9600D2C5CA /* input_button_enable.png */ = {isa = PBXFileReference; lastKnownFileType = image.png; path = input_button_enable.png; sourceTree = "<group>"; };
		CEFDA376174C9C9600D2C5CA /* main_background.png */ = {isa = PBXFileReference; lastKnownFileType = image.png; path = main_background.png; sourceTree = "<group>"; };
		CEFDA377174C9C9600D2C5CA /* pulish_bg.png */ = {isa = PBXFileReference; lastKnownFileType = image.png; path = pulish_bg.png; sourceTree = "<group>"; };
		CEFDA378174C9C9600D2C5CA /* thumb_avatar.png */ = {isa = PBXFileReference; lastKnownFileType = image.png; path = thumb_avatar.png; sourceTree = "<group>"; };
		CEFDA379174C9C9600D2C5CA /* thumb_pic.png */ = {isa = PBXFileReference; lastKnownFileType = image.png; path = thumb_pic.png; sourceTree = "<group>"; };
		CEFDA3A4174C9E0200D2C5CA /* Default.png */ = {isa = PBXFileReference; lastKnownFileType = image.png; path = Default.png; sourceTree = "<group>"; };
		E3484A961762226C009BC5DB /* EGORefreshTableHeaderView.h */ = {isa = PBXFileReference; fileEncoding = 4; lastKnownFileType = sourcecode.c.h; path = EGORefreshTableHeaderView.h; sourceTree = "<group>"; };
		E3484A971762226C009BC5DB /* EGORefreshTableHeaderView.m */ = {isa = PBXFileReference; fileEncoding = 4; lastKnownFileType = sourcecode.c.objc; path = EGORefreshTableHeaderView.m; sourceTree = "<group>"; };
		E3484A981762226C009BC5DB /* LoadMoreTableFooterView.h */ = {isa = PBXFileReference; fileEncoding = 4; lastKnownFileType = sourcecode.c.h; path = LoadMoreTableFooterView.h; sourceTree = "<group>"; };
		E3484A991762226C009BC5DB /* LoadMoreTableFooterView.m */ = {isa = PBXFileReference; fileEncoding = 4; lastKnownFileType = sourcecode.c.objc; path = LoadMoreTableFooterView.m; sourceTree = "<group>"; };
		E3484A9A1762226C009BC5DB /* MessageInterceptor.h */ = {isa = PBXFileReference; fileEncoding = 4; lastKnownFileType = sourcecode.c.h; path = MessageInterceptor.h; sourceTree = "<group>"; };
		E3484A9B1762226C009BC5DB /* MessageInterceptor.m */ = {isa = PBXFileReference; fileEncoding = 4; lastKnownFileType = sourcecode.c.objc; path = MessageInterceptor.m; sourceTree = "<group>"; };
		E3484A9C1762226C009BC5DB /* PullTableView.h */ = {isa = PBXFileReference; fileEncoding = 4; lastKnownFileType = sourcecode.c.h; path = PullTableView.h; sourceTree = "<group>"; };
		E3484A9D1762226C009BC5DB /* PullTableView.m */ = {isa = PBXFileReference; fileEncoding = 4; lastKnownFileType = sourcecode.c.objc; path = PullTableView.m; sourceTree = "<group>"; };
		E3484A9F1762226C009BC5DB /* blackArrow.png */ = {isa = PBXFileReference; lastKnownFileType = image.png; path = blackArrow.png; sourceTree = "<group>"; };
		E3484AA01762226C009BC5DB /* blackArrow@2x.png */ = {isa = PBXFileReference; lastKnownFileType = image.png; path = "blackArrow@2x.png"; sourceTree = "<group>"; };
		E3484AA11762226C009BC5DB /* blueArrow.png */ = {isa = PBXFileReference; lastKnownFileType = image.png; path = blueArrow.png; sourceTree = "<group>"; };
		E3484AA21762226C009BC5DB /* blueArrow@2x.png */ = {isa = PBXFileReference; lastKnownFileType = image.png; path = "blueArrow@2x.png"; sourceTree = "<group>"; };
		E3484AA31762226C009BC5DB /* grayArrow.png */ = {isa = PBXFileReference; lastKnownFileType = image.png; path = grayArrow.png; sourceTree = "<group>"; };
		E3484AA41762226C009BC5DB /* grayArrow@2x.png */ = {isa = PBXFileReference; lastKnownFileType = image.png; path = "grayArrow@2x.png"; sourceTree = "<group>"; };
		E3484AA51762226C009BC5DB /* whiteArrow.png */ = {isa = PBXFileReference; lastKnownFileType = image.png; path = whiteArrow.png; sourceTree = "<group>"; };
		E3484AA61762226C009BC5DB /* whiteArrow@2x.png */ = {isa = PBXFileReference; lastKnownFileType = image.png; path = "whiteArrow@2x.png"; sourceTree = "<group>"; };
/* End PBXFileReference section */

/* Begin PBXFrameworksBuildPhase section */
		CEFDA31C174C9B8300D2C5CA /* Frameworks */ = {
			isa = PBXFrameworksBuildPhase;
			buildActionMask = 2147483647;
			files = (
				CEC8C1D9175DC2D500036B8B /* QuartzCore.framework in Frameworks */,
				CEFDA323174C9B8300D2C5CA /* UIKit.framework in Frameworks */,
				CEFDA325174C9B8300D2C5CA /* Foundation.framework in Frameworks */,
				CEFDA327174C9B8300D2C5CA /* CoreGraphics.framework in Frameworks */,
			);
			runOnlyForDeploymentPostprocessing = 0;
		};
/* End PBXFrameworksBuildPhase section */

/* Begin PBXGroup section */
		CE10F6351755FB5E002E9890 /* lib */ = {
			isa = PBXGroup;
			children = (
				E3484A941762226C009BC5DB /* EGOTableViewPullRefresh */,
				CEF464A21757291200F16C98 /* AFNetworking */,
			);
			name = lib;
			sourceTree = "<group>";
		};
		CEF464A21757291200F16C98 /* AFNetworking */ = {
			isa = PBXGroup;
			children = (
				CEF464A31757291200F16C98 /* AFHTTPClient.h */,
				CEF464A41757291200F16C98 /* AFHTTPClient.m */,
				CEF464A51757291200F16C98 /* AFHTTPRequestOperation.h */,
				CEF464A61757291200F16C98 /* AFHTTPRequestOperation.m */,
				CEF464A71757291200F16C98 /* AFImageRequestOperation.h */,
				CEF464A81757291200F16C98 /* AFImageRequestOperation.m */,
				CEF464A91757291200F16C98 /* AFJSONRequestOperation.h */,
				CEF464AA1757291200F16C98 /* AFJSONRequestOperation.m */,
				CEF464AB1757291200F16C98 /* AFNetworkActivityIndicatorManager.h */,
				CEF464AC1757291200F16C98 /* AFNetworkActivityIndicatorManager.m */,
				CEF464AD1757291200F16C98 /* AFNetworking.h */,
				CEF464AE1757291200F16C98 /* AFPropertyListRequestOperation.h */,
				CEF464AF1757291200F16C98 /* AFPropertyListRequestOperation.m */,
				CEF464B01757291200F16C98 /* AFURLConnectionOperation.h */,
				CEF464B11757291200F16C98 /* AFURLConnectionOperation.m */,
				CEF464B21757291200F16C98 /* AFXMLRequestOperation.h */,
				CEF464B31757291200F16C98 /* AFXMLRequestOperation.m */,
				CEF464B41757291200F16C98 /* UIImageView+AFNetworking.h */,
				CEF464B51757291200F16C98 /* UIImageView+AFNetworking.m */,
			);
			path = AFNetworking;
			sourceTree = "<group>";
		};
		CEFDA316174C9B8300D2C5CA = {
			isa = PBXGroup;
			children = (
				CEFDA3A4174C9E0200D2C5CA /* Default.png */,
				CEFDA34D174C9C5600D2C5CA /* Icon@2x.png */,
				CEFDA34B174C9BE600D2C5CA /* Icon.png */,
				CEFDA328174C9B8300D2C5CA /* qiushibaike */,
				CEFDA321174C9B8300D2C5CA /* Frameworks */,
				CEFDA320174C9B8300D2C5CA /* Products */,
			);
			sourceTree = "<group>";
		};
		CEFDA320174C9B8300D2C5CA /* Products */ = {
			isa = PBXGroup;
			children = (
				CEFDA31F174C9B8300D2C5CA /* qiushibaike.app */,
			);
			name = Products;
			sourceTree = "<group>";
		};
		CEFDA321174C9B8300D2C5CA /* Frameworks */ = {
			isa = PBXGroup;
			children = (
				CEC8C1D8175DC2D500036B8B /* QuartzCore.framework */,
				CEFDA322174C9B8300D2C5CA /* UIKit.framework */,
				CEFDA324174C9B8300D2C5CA /* Foundation.framework */,
				CEFDA326174C9B8300D2C5CA /* CoreGraphics.framework */,
			);
			name = Frameworks;
			sourceTree = "<group>";
		};
		CEFDA328174C9B8300D2C5CA /* qiushibaike */ = {
			isa = PBXGroup;
			children = (
				CE10F6351755FB5E002E9890 /* lib */,
				CEFDA34F174C9C9600D2C5CA /* Images */,
				CEFDA331174C9B8300D2C5CA /* colyAppDelegate.h */,
				CEFDA332174C9B8300D2C5CA /* colyAppDelegate.m */,
				CEFDA33F174C9BB300D2C5CA /* colyCell.h */,
				CEFDA340174C9BB300D2C5CA /* colyCell.m */,
				CEFDA341174C9BB300D2C5CA /* MainViewController.h */,
				CEFDA342174C9BB300D2C5CA /* MainViewController.m */,
				CEFDA343174C9BB300D2C5CA /* MainViewController.xib */,
				CEFDA329174C9B8300D2C5CA /* Supporting Files */,
				CE812A75174CA54D0069137D /* ContentViewController.h */,
				CE812A76174CA54D0069137D /* ContentViewController.m */,
				CE812A77174CA54D0069137D /* ContentViewController.xib */,
				CEDDF6CB17589E3A001F03DD /* QiushiObject.h */,
				CEDDF6CC17589E3A001F03DD /* QiushiObject.m */,
			);
			path = qiushibaike;
			sourceTree = "<group>";
		};
		CEFDA329174C9B8300D2C5CA /* Supporting Files */ = {
			isa = PBXGroup;
			children = (
				CEFDA32A174C9B8300D2C5CA /* qiushibaike-Info.plist */,
				CEFDA32B174C9B8300D2C5CA /* InfoPlist.strings */,
				CEFDA32E174C9B8300D2C5CA /* main.m */,
				CEFDA330174C9B8300D2C5CA /* qiushibaike-Prefix.pch */,
				CEFDA334174C9B8300D2C5CA /* Default.png */,
				CEFDA336174C9B8300D2C5CA /* Default@2x.png */,
				CEFDA338174C9B8300D2C5CA /* Default-568h@2x.png */,
			);
			name = "Supporting Files";
			sourceTree = "<group>";
		};
		CEFDA34F174C9C9600D2C5CA /* Images */ = {
			isa = PBXGroup;
			children = (
				CEFDA350174C9C9600D2C5CA /* back.png */,
				CEFDA351174C9C9600D2C5CA /* back@2x.png */,
				CEFDA352174C9C9600D2C5CA /* bar_background.png */,
				CEFDA353174C9C9600D2C5CA /* bar_background@2x.png */,
				CEFDA354174C9C9600D2C5CA /* block_background.png */,
				CEFDA355174C9C9600D2C5CA /* block_center_background.png */,
				CEFDA356174C9C9600D2C5CA /* block_foot_background.png */,
				CEFDA357174C9C9600D2C5CA /* block_help.png */,
				CEFDA358174C9C9600D2C5CA /* block_line.png */,
				CEFDA359174C9C9600D2C5CA /* block_top.png */,
				CEFDA35A174C9C9600D2C5CA /* button_login.png */,
				CEFDA35B174C9C9600D2C5CA /* button_login_active.png */,
				CEFDA35C174C9C9600D2C5CA /* button_vote.png */,
				CEFDA35D174C9C9600D2C5CA /* button_vote_active.png */,
				CEFDA35E174C9C9600D2C5CA /* Default.png */,
				CEFDA35F174C9C9600D2C5CA /* Default@2x.png */,
				CEFDA360174C9C9600D2C5CA /* defaultHeadImage.png */,
				CEFDA361174C9C9600D2C5CA /* head_background.png */,
				CEFDA362174C9C9600D2C5CA /* head_logo.png */,
				CEFDA363174C9C9600D2C5CA /* icon_close.png */,
				CEFDA364174C9C9600D2C5CA /* icon_close_large.png */,
				CEFDA365174C9C9600D2C5CA /* icon_for_bad.png */,
				CEFDA366174C9C9600D2C5CA /* icon_for_comment.png */,
				CEFDA367174C9C9600D2C5CA /* icon_for_good.png */,
				CEFDA368174C9C9600D2C5CA /* icon_help.png */,
				CEFDA369174C9C9600D2C5CA /* icon_help_active.png */,
				CEFDA36A174C9C9600D2C5CA /* icon_my_active.png */,
				CEFDA36B174C9C9600D2C5CA /* icon_my_enable.png */,
				CEFDA36C174C9C9600D2C5CA /* icon_new_active.png */,
				CEFDA36D174C9C9600D2C5CA /* icon_new_enable.png */,
				CEFDA36E174C9C9600D2C5CA /* icon_pic_enable.png */,
				CEFDA36F174C9C9600D2C5CA /* icon_post_enable.png */,
				CEFDA370174C9C9600D2C5CA /* icon_share.png */,
				CEFDA371174C9C9600D2C5CA /* icon_tag.png */,
				CEFDA372174C9C9600D2C5CA /* icon_top_active.png */,
				CEFDA373174C9C9600D2C5CA /* icon_top_enable.png */,
				CEFDA374174C9C9600D2C5CA /* input_button_active.png */,
				CEFDA375174C9C9600D2C5CA /* input_button_enable.png */,
				CEFDA376174C9C9600D2C5CA /* main_background.png */,
				CEFDA377174C9C9600D2C5CA /* pulish_bg.png */,
				CEFDA378174C9C9600D2C5CA /* thumb_avatar.png */,
				CEFDA379174C9C9600D2C5CA /* thumb_pic.png */,
			);
			path = Images;
			sourceTree = "<group>";
		};
		E3484A941762226C009BC5DB /* EGOTableViewPullRefresh */ = {
			isa = PBXGroup;
			children = (
				E3484A951762226C009BC5DB /* Classes */,
				E3484A9E1762226C009BC5DB /* Resources */,
			);
			path = EGOTableViewPullRefresh;
			sourceTree = "<group>";
		};
		E3484A951762226C009BC5DB /* Classes */ = {
			isa = PBXGroup;
			children = (
				E3484A961762226C009BC5DB /* EGORefreshTableHeaderView.h */,
				E3484A971762226C009BC5DB /* EGORefreshTableHeaderView.m */,
				E3484A981762226C009BC5DB /* LoadMoreTableFooterView.h */,
				E3484A991762226C009BC5DB /* LoadMoreTableFooterView.m */,
				E3484A9A1762226C009BC5DB /* MessageInterceptor.h */,
				E3484A9B1762226C009BC5DB /* MessageInterceptor.m */,
				E3484A9C1762226C009BC5DB /* PullTableView.h */,
				E3484A9D1762226C009BC5DB /* PullTableView.m */,
			);
			path = Classes;
			sourceTree = "<group>";
		};
		E3484A9E1762226C009BC5DB /* Resources */ = {
			isa = PBXGroup;
			children = (
				E3484A9F1762226C009BC5DB /* blackArrow.png */,
				E3484AA01762226C009BC5DB /* blackArrow@2x.png */,
				E3484AA11762226C009BC5DB /* blueArrow.png */,
				E3484AA21762226C009BC5DB /* blueArrow@2x.png */,
				E3484AA31762226C009BC5DB /* grayArrow.png */,
				E3484AA41762226C009BC5DB /* grayArrow@2x.png */,
				E3484AA51762226C009BC5DB /* whiteArrow.png */,
				E3484AA61762226C009BC5DB /* whiteArrow@2x.png */,
			);
			path = Resources;
			sourceTree = "<group>";
		};
/* End PBXGroup section */

/* Begin PBXNativeTarget section */
		CEFDA31E174C9B8300D2C5CA /* qiushibaike */ = {
			isa = PBXNativeTarget;
			buildConfigurationList = CEFDA33C174C9B8300D2C5CA /* Build configuration list for PBXNativeTarget "qiushibaike" */;
			buildPhases = (
				CEFDA31B174C9B8300D2C5CA /* Sources */,
				CEFDA31C174C9B8300D2C5CA /* Frameworks */,
				CEFDA31D174C9B8300D2C5CA /* Resources */,
			);
			buildRules = (
			);
			dependencies = (
			);
			name = qiushibaike;
			productName = qiushibaike;
			productReference = CEFDA31F174C9B8300D2C5CA /* qiushibaike.app */;
			productType = "com.apple.product-type.application";
		};
/* End PBXNativeTarget section */

/* Begin PBXProject section */
		CEFDA317174C9B8300D2C5CA /* Project object */ = {
			isa = PBXProject;
			attributes = {
				CLASSPREFIX = coly;
				LastUpgradeCheck = 0460;
				ORGANIZATIONNAME = coly;
			};
			buildConfigurationList = CEFDA31A174C9B8300D2C5CA /* Build configuration list for PBXProject "qiushibaike" */;
			compatibilityVersion = "Xcode 3.2";
			developmentRegion = English;
			hasScannedForEncodings = 0;
			knownRegions = (
				en,
			);
			mainGroup = CEFDA316174C9B8300D2C5CA;
			productRefGroup = CEFDA320174C9B8300D2C5CA /* Products */;
			projectDirPath = "";
			projectRoot = "";
			targets = (
				CEFDA31E174C9B8300D2C5CA /* qiushibaike */,
			);
		};
/* End PBXProject section */

/* Begin PBXResourcesBuildPhase section */
		CEFDA31D174C9B8300D2C5CA /* Resources */ = {
			isa = PBXResourcesBuildPhase;
			buildActionMask = 2147483647;
			files = (
				CEFDA32D174C9B8300D2C5CA /* InfoPlist.strings in Resources */,
				CEFDA335174C9B8300D2C5CA /* Default.png in Resources */,
				CEFDA337174C9B8300D2C5CA /* Default@2x.png in Resources */,
				CEFDA339174C9B8300D2C5CA /* Default-568h@2x.png in Resources */,
				CEFDA346174C9BB300D2C5CA /* MainViewController.xib in Resources */,
				CEFDA34C174C9BE600D2C5CA /* Icon.png in Resources */,
				CEFDA34E174C9C5600D2C5CA /* Icon@2x.png in Resources */,
				CEFDA37A174C9C9600D2C5CA /* back.png in Resources */,
				CEFDA37B174C9C9600D2C5CA /* back@2x.png in Resources */,
				CEFDA37C174C9C9600D2C5CA /* bar_background.png in Resources */,
				CEFDA37D174C9C9600D2C5CA /* bar_background@2x.png in Resources */,
				CEFDA37E174C9C9600D2C5CA /* block_background.png in Resources */,
				CEFDA37F174C9C9600D2C5CA /* block_center_background.png in Resources */,
				CEFDA380174C9C9600D2C5CA /* block_foot_background.png in Resources */,
				CEFDA381174C9C9600D2C5CA /* block_help.png in Resources */,
				CEFDA382174C9C9600D2C5CA /* block_line.png in Resources */,
				CEFDA383174C9C9600D2C5CA /* block_top.png in Resources */,
				CEFDA384174C9C9600D2C5CA /* button_login.png in Resources */,
				CEFDA385174C9C9600D2C5CA /* button_login_active.png in Resources */,
				CEFDA386174C9C9600D2C5CA /* button_vote.png in Resources */,
				CEFDA387174C9C9600D2C5CA /* button_vote_active.png in Resources */,
				CEFDA388174C9C9600D2C5CA /* Default.png in Resources */,
				CEFDA389174C9C9600D2C5CA /* Default@2x.png in Resources */,
				CEFDA38A174C9C9600D2C5CA /* defaultHeadImage.png in Resources */,
				CEFDA38B174C9C9600D2C5CA /* head_background.png in Resources */,
				CEFDA38C174C9C9600D2C5CA /* head_logo.png in Resources */,
				CEFDA38D174C9C9600D2C5CA /* icon_close.png in Resources */,
				CEFDA38E174C9C9600D2C5CA /* icon_close_large.png in Resources */,
				CEFDA38F174C9C9600D2C5CA /* icon_for_bad.png in Resources */,
				CEFDA390174C9C9600D2C5CA /* icon_for_comment.png in Resources */,
				CEFDA391174C9C9600D2C5CA /* icon_for_good.png in Resources */,
				CEFDA392174C9C9600D2C5CA /* icon_help.png in Resources */,
				CEFDA393174C9C9600D2C5CA /* icon_help_active.png in Resources */,
				CEFDA394174C9C9600D2C5CA /* icon_my_active.png in Resources */,
				CEFDA395174C9C9600D2C5CA /* icon_my_enable.png in Resources */,
				CEFDA396174C9C9600D2C5CA /* icon_new_active.png in Resources */,
				CEFDA397174C9C9600D2C5CA /* icon_new_enable.png in Resources */,
				CEFDA398174C9C9600D2C5CA /* icon_pic_enable.png in Resources */,
				CEFDA399174C9C9600D2C5CA /* icon_post_enable.png in Resources */,
				CEFDA39A174C9C9600D2C5CA /* icon_share.png in Resources */,
				CEFDA39B174C9C9600D2C5CA /* icon_tag.png in Resources */,
				CEFDA39C174C9C9600D2C5CA /* icon_top_active.png in Resources */,
				CEFDA39D174C9C9600D2C5CA /* icon_top_enable.png in Resources */,
				CEFDA39E174C9C9600D2C5CA /* input_button_active.png in Resources */,
				CEFDA39F174C9C9600D2C5CA /* input_button_enable.png in Resources */,
				CEFDA3A0174C9C9600D2C5CA /* main_background.png in Resources */,
				CEFDA3A1174C9C9600D2C5CA /* pulish_bg.png in Resources */,
				CEFDA3A2174C9C9600D2C5CA /* thumb_avatar.png in Resources */,
				CEFDA3A3174C9C9600D2C5CA /* thumb_pic.png in Resources */,
				CEFDA3A5174C9E0200D2C5CA /* Default.png in Resources */,
				CE812A79174CA54D0069137D /* ContentViewController.xib in Resources */,
				E3484AAB1762226C009BC5DB /* blackArrow.png in Resources */,
				E3484AAC1762226C009BC5DB /* blackArrow@2x.png in Resources */,
				E3484AAD1762226C009BC5DB /* blueArrow.png in Resources */,
				E3484AAE1762226C009BC5DB /* blueArrow@2x.png in Resources */,
				E3484AAF1762226C009BC5DB /* grayArrow.png in Resources */,
				E3484AB01762226C009BC5DB /* grayArrow@2x.png in Resources */,
				E3484AB11762226C009BC5DB /* whiteArrow.png in Resources */,
				E3484AB21762226C009BC5DB /* whiteArrow@2x.png in Resources */,
			);
			runOnlyForDeploymentPostprocessing = 0;
		};
/* End PBXResourcesBuildPhase section */

/* Begin PBXSourcesBuildPhase section */
		CEFDA31B174C9B8300D2C5CA /* Sources */ = {
			isa = PBXSourcesBuildPhase;
			buildActionMask = 2147483647;
			files = (
				CEFDA32F174C9B8300D2C5CA /* main.m in Sources */,
				CEFDA333174C9B8300D2C5CA /* colyAppDelegate.m in Sources */,
				CEFDA344174C9BB300D2C5CA /* colyCell.m in Sources */,
				CEFDA345174C9BB300D2C5CA /* MainViewController.m in Sources */,
				CE812A78174CA54D0069137D /* ContentViewController.m in Sources */,
				CEF464B61757291200F16C98 /* AFHTTPClient.m in Sources */,
				CEF464B71757291200F16C98 /* AFHTTPRequestOperation.m in Sources */,
				CEF464B81757291200F16C98 /* AFImageRequestOperation.m in Sources */,
				CEF464B91757291200F16C98 /* AFJSONRequestOperation.m in Sources */,
				CEF464BA1757291200F16C98 /* AFNetworkActivityIndicatorManager.m in Sources */,
				CEF464BB1757291200F16C98 /* AFPropertyListRequestOperation.m in Sources */,
				CEF464BC1757291200F16C98 /* AFURLConnectionOperation.m in Sources */,
				CEF464BD1757291200F16C98 /* AFXMLRequestOperation.m in Sources */,
				CEF464BE1757291200F16C98 /* UIImageView+AFNetworking.m in Sources */,
				CEDDF6CD17589E3A001F03DD /* QiushiObject.m in Sources */,
				E3484AA71762226C009BC5DB /* EGORefreshTableHeaderView.m in Sources */,
				E3484AA81762226C009BC5DB /* LoadMoreTableFooterView.m in Sources */,
				E3484AA91762226C009BC5DB /* MessageInterceptor.m in Sources */,
				E3484AAA1762226C009BC5DB /* PullTableView.m in Sources */,
			);
			runOnlyForDeploymentPostprocessing = 0;
		};
/* End PBXSourcesBuildPhase section */

/* Begin PBXVariantGroup section */
		CEFDA32B174C9B8300D2C5CA /* InfoPlist.strings */ = {
			isa = PBXVariantGroup;
			children = (
				CEFDA32C174C9B8300D2C5CA /* en */,
			);
			name = InfoPlist.strings;
			sourceTree = "<group>";
		};
/* End PBXVariantGroup section */

/* Begin XCBuildConfiguration section */
		CEFDA33A174C9B8300D2C5CA /* Debug */ = {
			isa = XCBuildConfiguration;
			buildSettings = {
				ALWAYS_SEARCH_USER_PATHS = NO;
				CLANG_CXX_LANGUAGE_STANDARD = "gnu++0x";
				CLANG_CXX_LIBRARY = "libc++";
				CLANG_ENABLE_OBJC_ARC = YES;
				CLANG_WARN_CONSTANT_CONVERSION = YES;
				CLANG_WARN_EMPTY_BODY = YES;
				CLANG_WARN_ENUM_CONVERSION = YES;
				CLANG_WARN_INT_CONVERSION = YES;
				CLANG_WARN__DUPLICATE_METHOD_MATCH = YES;
				"CODE_SIGN_IDENTITY[sdk=iphoneos*]" = "iPhone Developer";
				COPY_PHASE_STRIP = NO;
				GCC_C_LANGUAGE_STANDARD = gnu99;
				GCC_DYNAMIC_NO_PIC = NO;
				GCC_OPTIMIZATION_LEVEL = 0;
				GCC_PREPROCESSOR_DEFINITIONS = (
					"DEBUG=1",
					"$(inherited)",
				);
				GCC_SYMBOLS_PRIVATE_EXTERN = NO;
				GCC_WARN_ABOUT_RETURN_TYPE = YES;
				GCC_WARN_UNINITIALIZED_AUTOS = YES;
				GCC_WARN_UNUSED_VARIABLE = YES;
				IPHONEOS_DEPLOYMENT_TARGET = 6.1;
				ONLY_ACTIVE_ARCH = YES;
				SDKROOT = iphoneos;
			};
			name = Debug;
		};
		CEFDA33B174C9B8300D2C5CA /* Release */ = {
			isa = XCBuildConfiguration;
			buildSettings = {
				ALWAYS_SEARCH_USER_PATHS = NO;
				CLANG_CXX_LANGUAGE_STANDARD = "gnu++0x";
				CLANG_CXX_LIBRARY = "libc++";
				CLANG_ENABLE_OBJC_ARC = YES;
				CLANG_WARN_CONSTANT_CONVERSION = YES;
				CLANG_WARN_EMPTY_BODY = YES;
				CLANG_WARN_ENUM_CONVERSION = YES;
				CLANG_WARN_INT_CONVERSION = YES;
				CLANG_WARN__DUPLICATE_METHOD_MATCH = YES;
				"CODE_SIGN_IDENTITY[sdk=iphoneos*]" = "iPhone Developer";
				COPY_PHASE_STRIP = YES;
				GCC_C_LANGUAGE_STANDARD = gnu99;
				GCC_WARN_ABOUT_RETURN_TYPE = YES;
				GCC_WARN_UNINITIALIZED_AUTOS = YES;
				GCC_WARN_UNUSED_VARIABLE = YES;
				IPHONEOS_DEPLOYMENT_TARGET = 6.1;
				OTHER_CFLAGS = "-DNS_BLOCK_ASSERTIONS=1";
				SDKROOT = iphoneos;
				VALIDATE_PRODUCT = YES;
			};
			name = Release;
		};
		CEFDA33D174C9B8300D2C5CA /* Debug */ = {
			isa = XCBuildConfiguration;
			buildSettings = {
				GCC_PRECOMPILE_PREFIX_HEADER = YES;
				GCC_PREFIX_HEADER = "qiushibaike/qiushibaike-Prefix.pch";
				INFOPLIST_FILE = "qiushibaike/qiushibaike-Info.plist";
				PRODUCT_NAME = "$(TARGET_NAME)";
				WRAPPER_EXTENSION = app;
			};
			name = Debug;
		};
		CEFDA33E174C9B8300D2C5CA /* Release */ = {
			isa = XCBuildConfiguration;
			buildSettings = {
				GCC_PRECOMPILE_PREFIX_HEADER = YES;
				GCC_PREFIX_HEADER = "qiushibaike/qiushibaike-Prefix.pch";
				INFOPLIST_FILE = "qiushibaike/qiushibaike-Info.plist";
				PRODUCT_NAME = "$(TARGET_NAME)";
				WRAPPER_EXTENSION = app;
			};
			name = Release;
		};
/* End XCBuildConfiguration section */

/* Begin XCConfigurationList section */
		CEFDA31A174C9B8300D2C5CA /* Build configuration list for PBXProject "qiushibaike" */ = {
			isa = XCConfigurationList;
			buildConfigurations = (
				CEFDA33A174C9B8300D2C5CA /* Debug */,
				CEFDA33B174C9B8300D2C5CA /* Release */,
			);
			defaultConfigurationIsVisible = 0;
			defaultConfigurationName = Release;
		};
		CEFDA33C174C9B8300D2C5CA /* Build configuration list for PBXNativeTarget "qiushibaike" */ = {
			isa = XCConfigurationList;
			buildConfigurations = (
				CEFDA33D174C9B8300D2C5CA /* Debug */,
				CEFDA33E174C9B8300D2C5CA /* Release */,
			);
			defaultConfigurationIsVisible = 0;
			defaultConfigurationName = Release;
		};
/* End XCConfigurationList section */
	};
	rootObject = CEFDA317174C9B8300D2C5CA /* Project object */;
}
